// !$*UTF8*$!
{
	archiveVersion = 1;
	classes = {
	};
	objectVersion = 50;
	objects = {

/* Begin PBXBuildFile section */
		CFA0E7A524DEF67D00FA5B73 /* AppDelegate.swift in Sources */ = {isa = PBXBuildFile; fileRef = CFA0E7A424DEF67D00FA5B73 /* AppDelegate.swift */; };
		CFA0E7A724DEF67D00FA5B73 /* SceneDelegate.swift in Sources */ = {isa = PBXBuildFile; fileRef = CFA0E7A624DEF67D00FA5B73 /* SceneDelegate.swift */; };
		CFA0E7A924DEF67D00FA5B73 /* HomeController.swift in Sources */ = {isa = PBXBuildFile; fileRef = CFA0E7A824DEF67D00FA5B73 /* HomeController.swift */; };
		CFA0E7AC24DEF67D00FA5B73 /* Main.storyboard in Resources */ = {isa = PBXBuildFile; fileRef = CFA0E7AA24DEF67D00FA5B73 /* Main.storyboard */; };
		CFA0E7AE24DEF67F00FA5B73 /* Assets.xcassets in Resources */ = {isa = PBXBuildFile; fileRef = CFA0E7AD24DEF67F00FA5B73 /* Assets.xcassets */; };
		CFA0E7B124DEF67F00FA5B73 /* LaunchScreen.storyboard in Resources */ = {isa = PBXBuildFile; fileRef = CFA0E7AF24DEF67F00FA5B73 /* LaunchScreen.storyboard */; };
		CFA0E7BA24DF006D00FA5B73 /* SideMenuController.swift in Sources */ = {isa = PBXBuildFile; fileRef = CFA0E7B924DF006D00FA5B73 /* SideMenuController.swift */; };
/* End PBXBuildFile section */

/* Begin PBXFileReference section */
		CFA0E7A124DEF67D00FA5B73 /* SlideOutMenu.app */ = {isa = PBXFileReference; explicitFileType = wrapper.application; includeInIndex = 0; path = SlideOutMenu.app; sourceTree = BUILT_PRODUCTS_DIR; };
		CFA0E7A424DEF67D00FA5B73 /* AppDelegate.swift */ = {isa = PBXFileReference; lastKnownFileType = sourcecode.swift; path = AppDelegate.swift; sourceTree = "<group>"; };
		CFA0E7A624DEF67D00FA5B73 /* SceneDelegate.swift */ = {isa = PBXFileReference; lastKnownFileType = sourcecode.swift; path = SceneDelegate.swift; sourceTree = "<group>"; };
		CFA0E7A824DEF67D00FA5B73 /* HomeController.swift */ = {isa = PBXFileReference; lastKnownFileType = sourcecode.swift; path = HomeController.swift; sourceTree = "<group>"; };
		CFA0E7AB24DEF67D00FA5B73 /* Base */ = {isa = PBXFileReference; lastKnownFileType = file.storyboard; name = Base; path = Base.lproj/Main.storyboard; sourceTree = "<group>"; };
		CFA0E7AD24DEF67F00FA5B73 /* Assets.xcassets */ = {isa = PBXFileReference; lastKnownFileType = folder.assetcatalog; path = Assets.xcassets; sourceTree = "<group>"; };
		CFA0E7B024DEF67F00FA5B73 /* Base */ = {isa = PBXFileReference; lastKnownFileType = file.storyboard; name = Base; path = Base.lproj/LaunchScreen.storyboard; sourceTree = "<group>"; };
		CFA0E7B224DEF67F00FA5B73 /* Info.plist */ = {isa = PBXFileReference; lastKnownFileType = text.plist.xml; path = Info.plist; sourceTree = "<group>"; };
		CFA0E7B924DF006D00FA5B73 /* SideMenuController.swift */ = {isa = PBXFileReference; lastKnownFileType = sourcecode.swift; path = SideMenuController.swift; sourceTree = "<group>"; };
/* End PBXFileReference section */

/* Begin PBXFrameworksBuildPhase section */
		CFA0E79E24DEF67D00FA5B73 /* Frameworks */ = {
			isa = PBXFrameworksBuildPhase;
			buildActionMask = 2147483647;
			files = (
			);
			runOnlyForDeploymentPostprocessing = 0;
		};
/* End PBXFrameworksBuildPhase section */

/* Begin PBXGroup section */
		CFA0E79824DEF67D00FA5B73 = {
			isa = PBXGroup;
			children = (
				CFA0E7A324DEF67D00FA5B73 /* SlideOutMenu */,
				CFA0E7A224DEF67D00FA5B73 /* Products */,
			);
			sourceTree = "<group>";
		};
		CFA0E7A224DEF67D00FA5B73 /* Products */ = {
			isa = PBXGroup;
			children = (
				CFA0E7A124DEF67D00FA5B73 /* SlideOutMenu.app */,
			);
			name = Products;
			sourceTree = "<group>";
		};
		CFA0E7A324DEF67D00FA5B73 /* SlideOutMenu */ = {
			isa = PBXGroup;
			children = (
				CFA0E7B824DF005700FA5B73 /* Controllers */,
				CFA0E7A424DEF67D00FA5B73 /* AppDelegate.swift */,
				CFA0E7A624DEF67D00FA5B73 /* SceneDelegate.swift */,
				CFA0E7AA24DEF67D00FA5B73 /* Main.storyboard */,
				CFA0E7AD24DEF67F00FA5B73 /* Assets.xcassets */,
				CFA0E7AF24DEF67F00FA5B73 /* LaunchScreen.storyboard */,
				CFA0E7B224DEF67F00FA5B73 /* Info.plist */,
			);
			path = SlideOutMenu;
			sourceTree = "<group>";
		};
		CFA0E7B824DF005700FA5B73 /* Controllers */ = {
			isa = PBXGroup;
			children = (
				CFA0E7A824DEF67D00FA5B73 /* HomeController.swift */,
				CFA0E7B924DF006D00FA5B73 /* SideMenuController.swift */,
			);
			path = Controllers;
			sourceTree = "<group>";
		};
/* End PBXGroup section */

/* Begin PBXNativeTarget section */
		CFA0E7A024DEF67D00FA5B73 /* SlideOutMenu */ = {
			isa = PBXNativeTarget;
			buildConfigurationList = CFA0E7B524DEF67F00FA5B73 /* Build configuration list for PBXNativeTarget "SlideOutMenu" */;
			buildPhases = (
				CFA0E79D24DEF67D00FA5B73 /* Sources */,
				CFA0E79E24DEF67D00FA5B73 /* Frameworks */,
				CFA0E79F24DEF67D00FA5B73 /* Resources */,
			);
			buildRules = (
			);
			dependencies = (
			);
			name = SlideOutMenu;
			productName = SlideOutMenu;
			productReference = CFA0E7A124DEF67D00FA5B73 /* SlideOutMenu.app */;
			productType = "com.apple.product-type.application";
		};
/* End PBXNativeTarget section */

/* Begin PBXProject section */
		CFA0E79924DEF67D00FA5B73 /* Project object */ = {
			isa = PBXProject;
			attributes = {
				LastSwiftUpdateCheck = 1160;
				LastUpgradeCheck = 1160;
				ORGANIZATIONNAME = "Brian-Michael";
				TargetAttributes = {
					CFA0E7A024DEF67D00FA5B73 = {
						CreatedOnToolsVersion = 11.6;
					};
				};
			};
			buildConfigurationList = CFA0E79C24DEF67D00FA5B73 /* Build configuration list for PBXProject "SlideOutMenu" */;
			compatibilityVersion = "Xcode 9.3";
			developmentRegion = en;
			hasScannedForEncodings = 0;
			knownRegions = (
				en,
				Base,
			);
			mainGroup = CFA0E79824DEF67D00FA5B73;
			productRefGroup = CFA0E7A224DEF67D00FA5B73 /* Products */;
			projectDirPath = "";
			projectRoot = "";
			targets = (
				CFA0E7A024DEF67D00FA5B73 /* SlideOutMenu */,
			);
		};
/* End PBXProject section */

/* Begin PBXResourcesBuildPhase section */
		CFA0E79F24DEF67D00FA5B73 /* Resources */ = {
			isa = PBXResourcesBuildPhase;
			buildActionMask = 2147483647;
			files = (
				CFA0E7B124DEF67F00FA5B73 /* LaunchScreen.storyboard in Resources */,
				CFA0E7AE24DEF67F00FA5B73 /* Assets.xcassets in Resources */,
				CFA0E7AC24DEF67D00FA5B73 /* Main.storyboard in Resources */,
			);
			runOnlyForDeploymentPostprocessing = 0;
		};
/* End PBXResourcesBuildPhase section */

/* Begin PBXSourcesBuildPhase section */
		CFA0E79D24DEF67D00FA5B73 /* Sources */ = {
			isa = PBXSourcesBuildPhase;
			buildActionMask = 2147483647;
			files = (
				CFA0E7A924DEF67D00FA5B73 /* HomeController.swift in Sources */,
				CFA0E7BA24DF006D00FA5B73 /* SideMenuController.swift in Sources */,
				CFA0E7A524DEF67D00FA5B73 /* AppDelegate.swift in Sources */,
				CFA0E7A724DEF67D00FA5B73 /* SceneDelegate.swift in Sources */,
			);
			runOnlyForDeploymentPostprocessing = 0;
		};
/* End PBXSourcesBuildPhase section */

/* Begin PBXVariantGroup section */
		CFA0E7AA24DEF67D00FA5B73 /* Main.storyboard */ = {
			isa = PBXVariantGroup;
			children = (
				CFA0E7AB24DEF67D00FA5B73 /* Base */,
			);
			name = Main.storyboard;
			sourceTree = "<group>";
		};
		CFA0E7AF24DEF67F00FA5B73 /* LaunchScreen.storyboard */ = {
			isa = PBXVariantGroup;
			children = (
				CFA0E7B024DEF67F00FA5B73 /* Base */,
			);
			name = LaunchScreen.storyboard;
			sourceTree = "<group>";
		};
/* End PBXVariantGroup section */

/* Begin XCBuildConfiguration section */
		CFA0E7B324DEF67F00FA5B73 /* Debug */ = {
			isa = XCBuildConfiguration;
			buildSettings = {
				ALWAYS_SEARCH_USER_PATHS = NO;
				CLANG_ANALYZER_NONNULL = YES;
				CLANG_ANALYZER_NUMBER_OBJECT_CONVERSION = YES_AGGRESSIVE;
				CLANG_CXX_LANGUAGE_STANDARD = "gnu++14";
				CLANG_CXX_LIBRARY = "libc++";
				CLANG_ENABLE_MODULES = YES;
				CLANG_ENABLE_OBJC_ARC = YES;
				CLANG_ENABLE_OBJC_WEAK = YES;
				CLANG_WARN_BLOCK_CAPTURE_AUTORELEASING = YES;
				CLANG_WARN_BOOL_CONVERSION = YES;
				CLANG_WARN_COMMA = YES;
				CLANG_WARN_CONSTANT_CONVERSION = YES;
				CLANG_WARN_DEPRECATED_OBJC_IMPLEMENTATIONS = YES;
				CLANG_WARN_DIRECT_OBJC_ISA_USAGE = YES_ERROR;
				CLANG_WARN_DOCUMENTATION_COMMENTS = YES;
				CLANG_WARN_EMPTY_BODY = YES;
				CLANG_WARN_ENUM_CONVERSION = YES;
				CLANG_WARN_INFINITE_RECURSION = YES;
				CLANG_WARN_INT_CONVERSION = YES;
				CLANG_WARN_NON_LITERAL_NULL_CONVERSION = YES;
				CLANG_WARN_OBJC_IMPLICIT_RETAIN_SELF = YES;
				CLANG_WARN_OBJC_LITERAL_CONVERSION = YES;
				CLANG_WARN_OBJC_ROOT_CLASS = YES_ERROR;
				CLANG_WARN_RANGE_LOOP_ANALYSIS = YES;
				CLANG_WARN_STRICT_PROTOTYPES = YES;
				CLANG_WARN_SUSPICIOUS_MOVE = YES;
				CLANG_WARN_UNGUARDED_AVAILABILITY = YES_AGGRESSIVE;
				CLANG_WARN_UNREACHABLE_CODE = YES;
				CLANG_WARN__DUPLICATE_METHOD_MATCH = YES;
				COPY_PHASE_STRIP = NO;
				DEBUG_INFORMATION_FORMAT = dwarf;
				ENABLE_STRICT_OBJC_MSGSEND = YES;
				ENABLE_TESTABILITY = YES;
				GCC_C_LANGUAGE_STANDARD = gnu11;
				GCC_DYNAMIC_NO_PIC = NO;
				GCC_NO_COMMON_BLOCKS = YES;
				GCC_OPTIMIZATION_LEVEL = 0;
				GCC_PREPROCESSOR_DEFINITIONS = (
					"DEBUG=1",
					"$(inherited)",
				);
				GCC_WARN_64_TO_32_BIT_CONVERSION = YES;
				GCC_WARN_ABOUT_RETURN_TYPE = YES_ERROR;
				GCC_WARN_UNDECLARED_SELECTOR = YES;
				GCC_WARN_UNINITIALIZED_AUTOS = YES_AGGRESSIVE;
				GCC_WARN_UNUSED_FUNCTION = YES;
				GCC_WARN_UNUSED_VARIABLE = YES;
				IPHONEOS_DEPLOYMENT_TARGET = 13.6;
				MTL_ENABLE_DEBUG_INFO = INCLUDE_SOURCE;
				MTL_FAST_MATH = YES;
				ONLY_ACTIVE_ARCH = YES;
				SDKROOT = iphoneos;
				SWIFT_ACTIVE_COMPILATION_CONDITIONS = DEBUG;
				SWIFT_OPTIMIZATION_LEVEL = "-Onone";
			};
			name = Debug;
		};
		CFA0E7B424DEF67F00FA5B73 /* Release */ = {
			isa = XCBuildConfiguration;
			buildSettings = {
				ALWAYS_SEARCH_USER_PATHS = NO;
				CLANG_ANALYZER_NONNULL = YES;
				CLANG_ANALYZER_NUMBER_OBJECT_CONVERSION = YES_AGGRESSIVE;
				CLANG_CXX_LANGUAGE_STANDARD = "gnu++14";
				CLANG_CXX_LIBRARY = "libc++";
				CLANG_ENABLE_MODULES = YES;
				CLANG_ENABLE_OBJC_ARC = YES;
				CLANG_ENABLE_OBJC_WEAK = YES;
				CLANG_WARN_BLOCK_CAPTURE_AUTORELEASING = YES;
				CLANG_WARN_BOOL_CONVERSION = YES;
				CLANG_WARN_COMMA = YES;
				CLANG_WARN_CONSTANT_CONVERSION = YES;
				CLANG_WARN_DEPRECATED_OBJC_IMPLEMENTATIONS = YES;
				CLANG_WARN_DIRECT_OBJC_ISA_USAGE = YES_ERROR;
				CLANG_WARN_DOCUMENTATION_COMMENTS = YES;
				CLANG_WARN_EMPTY_BODY = YES;
				CLANG_WARN_ENUM_CONVERSION = YES;
				CLANG_WARN_INFINITE_RECURSION = YES;
				CLANG_WARN_INT_CONVERSION = YES;
				CLANG_WARN_NON_LITERAL_NULL_CONVERSION = YES;
				CLANG_WARN_OBJC_IMPLICIT_RETAIN_SELF = YES;
				CLANG_WARN_OBJC_LITERAL_CONVERSION = YES;
				CLANG_WARN_OBJC_ROOT_CLASS = YES_ERROR;
				CLANG_WARN_RANGE_LOOP_ANALYSIS = YES;
				CLANG_WARN_STRICT_PROTOTYPES = YES;
				CLANG_WARN_SUSPICIOUS_MOVE = YES;
				CLANG_WARN_UNGUARDED_AVAILABILITY = YES_AGGRESSIVE;
				CLANG_WARN_UNREACHABLE_CODE = YES;
				CLANG_WARN__DUPLICATE_METHOD_MATCH = YES;
				COPY_PHASE_STRIP = NO;
				DEBUG_INFORMATION_FORMAT = "dwarf-with-dsym";
				ENABLE_NS_ASSERTIONS = NO;
				ENABLE_STRICT_OBJC_MSGSEND = YES;
				GCC_C_LANGUAGE_STANDARD = gnu11;
				GCC_NO_COMMON_BLOCKS = YES;
				GCC_WARN_64_TO_32_BIT_CONVERSION = YES;
				GCC_WARN_ABOUT_RETURN_TYPE = YES_ERROR;
				GCC_WARN_UNDECLARED_SELECTOR = YES;
				GCC_WARN_UNINITIALIZED_AUTOS = YES_AGGRESSIVE;
				GCC_WARN_UNUSED_FUNCTION = YES;
				GCC_WARN_UNUSED_VARIABLE = YES;
				IPHONEOS_DEPLOYMENT_TARGET = 13.6;
				MTL_ENABLE_DEBUG_INFO = NO;
				MTL_FAST_MATH = YES;
				SDKROOT = iphoneos;
				SWIFT_COMPILATION_MODE = wholemodule;
				SWIFT_OPTIMIZATION_LEVEL = "-O";
				VALIDATE_PRODUCT = YES;
			};
			name = Release;
		};
		CFA0E7B624DEF67F00FA5B73 /* Debug */ = {
			isa = XCBuildConfiguration;
			buildSettings = {
				ASSETCATALOG_COMPILER_APPICON_NAME = AppIcon;
				CODE_SIGN_STYLE = Automatic;
				DEVELOPMENT_TEAM = 2G269W7Y5N;
				INFOPLIST_FILE = SlideOutMenu/Info.plist;
				IPHONEOS_DEPLOYMENT_TARGET = 13.0;
				LD_RUNPATH_SEARCH_PATHS = (
					"$(inherited)",
					"@executable_path/Frameworks",
				);
				PRODUCT_BUNDLE_IDENTIFIER = brianmichael.SlideOutMenu;
				PRODUCT_NAME = "$(TARGET_NAME)";
				SWIFT_VERSION = 5.0;
				TARGETED_DEVICE_FAMILY = "1,2";
			};
			name = Debug;
		};
		CFA0E7B724DEF67F00FA5B73 /* Release */ = {
			isa = XCBuildConfiguration;
			buildSettings = {
				ASSETCATALOG_COMPILER_APPICON_NAME = AppIcon;
				CODE_SIGN_STYLE = Automatic;
				DEVELOPMENT_TEAM = 2G269W7Y5N;
				INFOPLIST_FILE = SlideOutMenu/Info.plist;
				IPHONEOS_DEPLOYMENT_TARGET = 13.0;
				LD_RUNPATH_SEARCH_PATHS = (
					"$(inherited)",
					"@executable_path/Frameworks",
				);
				PRODUCT_BUNDLE_IDENTIFIER = brianmichael.SlideOutMenu;
				PRODUCT_NAME = "$(TARGET_NAME)";
				SWIFT_VERSION = 5.0;
				TARGETED_DEVICE_FAMILY = "1,2";
			};
			name = Release;
		};
/* End XCBuildConfiguration section */

/* Begin XCConfigurationList section */
		CFA0E79C24DEF67D00FA5B73 /* Build configuration list for PBXProject "SlideOutMenu" */ = {
			isa = XCConfigurationList;
			buildConfigurations = (
				CFA0E7B324DEF67F00FA5B73 /* Debug */,
				CFA0E7B424DEF67F00FA5B73 /* Release */,
			);
			defaultConfigurationIsVisible = 0;
			defaultConfigurationName = Release;
		};
		CFA0E7B524DEF67F00FA5B73 /* Build configuration list for PBXNativeTarget "SlideOutMenu" */ = {
			isa = XCConfigurationList;
			buildConfigurations = (
				CFA0E7B624DEF67F00FA5B73 /* Debug */,
				CFA0E7B724DEF67F00FA5B73 /* Release */,
			);
			defaultConfigurationIsVisible = 0;
			defaultConfigurationName = Release;
		};
/* End XCConfigurationList section */
	};
	rootObject = CFA0E79924DEF67D00FA5B73 /* Project object */;
}
